// !$*UTF8*$!
{
	archiveVersion = 1;
	classes = {
	};
	objectVersion = 46;
	objects = {

/* Begin PBXBuildFile section */
		4802E3C21EA0630E00313813 /* main.m in Sources */ = {isa = PBXBuildFile; fileRef = 4802E3C11EA0630E00313813 /* main.m */; };
		4802E3C51EA0630E00313813 /* AppDelegate.m in Sources */ = {isa = PBXBuildFile; fileRef = 4802E3C41EA0630E00313813 /* AppDelegate.m */; };
		4802E3CB1EA0630E00313813 /* Main.storyboard in Resources */ = {isa = PBXBuildFile; fileRef = 4802E3C91EA0630E00313813 /* Main.storyboard */; };
		4802E3CD1EA0630E00313813 /* Assets.xcassets in Resources */ = {isa = PBXBuildFile; fileRef = 4802E3CC1EA0630E00313813 /* Assets.xcassets */; };
		4802E3D01EA0630E00313813 /* LaunchScreen.storyboard in Resources */ = {isa = PBXBuildFile; fileRef = 4802E3CE1EA0630E00313813 /* LaunchScreen.storyboard */; };
		4802E3DB1EA0630E00313813 /* MarqueeTests.m in Sources */ = {isa = PBXBuildFile; fileRef = 4802E3DA1EA0630E00313813 /* MarqueeTests.m */; };
		4802E3E61EA0630E00313813 /* MarqueeUITests.m in Sources */ = {isa = PBXBuildFile; fileRef = 4802E3E51EA0630E00313813 /* MarqueeUITests.m */; };
		4802E3F51EA0637300313813 /* XYXViewController.m in Sources */ = {isa = PBXBuildFile; fileRef = 4802E3F41EA0637300313813 /* XYXViewController.m */; };
		4802E3F81EA063BB00313813 /* XYXLabel.m in Sources */ = {isa = PBXBuildFile; fileRef = 4802E3F71EA063BB00313813 /* XYXLabel.m */; };
/* End PBXBuildFile section */

/* Begin PBXContainerItemProxy section */
		4802E3D71EA0630E00313813 /* PBXContainerItemProxy */ = {
			isa = PBXContainerItemProxy;
			containerPortal = 4802E3B51EA0630E00313813 /* Project object */;
			proxyType = 1;
			remoteGlobalIDString = 4802E3BC1EA0630E00313813;
			remoteInfo = Marquee;
		};
		4802E3E21EA0630E00313813 /* PBXContainerItemProxy */ = {
			isa = PBXContainerItemProxy;
			containerPortal = 4802E3B51EA0630E00313813 /* Project object */;
			proxyType = 1;
			remoteGlobalIDString = 4802E3BC1EA0630E00313813;
			remoteInfo = Marquee;
		};
/* End PBXContainerItemProxy section */

/* Begin PBXFileReference section */
		4802E3BD1EA0630E00313813 /* Marquee.app */ = {isa = PBXFileReference; explicitFileType = wrapper.application; includeInIndex = 0; path = Marquee.app; sourceTree = BUILT_PRODUCTS_DIR; };
		4802E3C11EA0630E00313813 /* main.m */ = {isa = PBXFileReference; lastKnownFileType = sourcecode.c.objc; path = main.m; sourceTree = "<group>"; };
		4802E3C31EA0630E00313813 /* AppDelegate.h */ = {isa = PBXFileReference; lastKnownFileType = sourcecode.c.h; path = AppDelegate.h; sourceTree = "<group>"; };
		4802E3C41EA0630E00313813 /* AppDelegate.m */ = {isa = PBXFileReference; lastKnownFileType = sourcecode.c.objc; path = AppDelegate.m; sourceTree = "<group>"; };
		4802E3CA1EA0630E00313813 /* Base */ = {isa = PBXFileReference; lastKnownFileType = file.storyboard; name = Base; path = Base.lproj/Main.storyboard; sourceTree = "<group>"; };
		4802E3CC1EA0630E00313813 /* Assets.xcassets */ = {isa = PBXFileReference; lastKnownFileType = folder.assetcatalog; path = Assets.xcassets; sourceTree = "<group>"; };
		4802E3CF1EA0630E00313813 /* Base */ = {isa = PBXFileReference; lastKnownFileType = file.storyboard; name = Base; path = Base.lproj/LaunchScreen.storyboard; sourceTree = "<group>"; };
		4802E3D11EA0630E00313813 /* Info.plist */ = {isa = PBXFileReference; lastKnownFileType = text.plist.xml; path = Info.plist; sourceTree = "<group>"; };
		4802E3D61EA0630E00313813 /* MarqueeTests.xctest */ = {isa = PBXFileReference; explicitFileType = wrapper.cfbundle; includeInIndex = 0; path = MarqueeTests.xctest; sourceTree = BUILT_PRODUCTS_DIR; };
		4802E3DA1EA0630E00313813 /* MarqueeTests.m */ = {isa = PBXFileReference; lastKnownFileType = sourcecode.c.objc; path = MarqueeTests.m; sourceTree = "<group>"; };
		4802E3DC1EA0630E00313813 /* Info.plist */ = {isa = PBXFileReference; lastKnownFileType = text.plist.xml; path = Info.plist; sourceTree = "<group>"; };
		4802E3E11EA0630E00313813 /* MarqueeUITests.xctest */ = {isa = PBXFileReference; explicitFileType = wrapper.cfbundle; includeInIndex = 0; path = MarqueeUITests.xctest; sourceTree = BUILT_PRODUCTS_DIR; };
		4802E3E51EA0630E00313813 /* MarqueeUITests.m */ = {isa = PBXFileReference; lastKnownFileType = sourcecode.c.objc; path = MarqueeUITests.m; sourceTree = "<group>"; };
		4802E3E71EA0630E00313813 /* Info.plist */ = {isa = PBXFileReference; lastKnownFileType = text.plist.xml; path = Info.plist; sourceTree = "<group>"; };
		4802E3F31EA0637300313813 /* XYXViewController.h */ = {isa = PBXFileReference; fileEncoding = 4; lastKnownFileType = sourcecode.c.h; path = XYXViewController.h; sourceTree = "<group>"; };
		4802E3F41EA0637300313813 /* XYXViewController.m */ = {isa = PBXFileReference; fileEncoding = 4; lastKnownFileType = sourcecode.c.objc; path = XYXViewController.m; sourceTree = "<group>"; };
		4802E3F61EA063BB00313813 /* XYXLabel.h */ = {isa = PBXFileReference; fileEncoding = 4; lastKnownFileType = sourcecode.c.h; path = XYXLabel.h; sourceTree = "<group>"; };
		4802E3F71EA063BB00313813 /* XYXLabel.m */ = {isa = PBXFileReference; fileEncoding = 4; lastKnownFileType = sourcecode.c.objc; path = XYXLabel.m; sourceTree = "<group>"; };
/* End PBXFileReference section */

/* Begin PBXFrameworksBuildPhase section */
		4802E3BA1EA0630E00313813 /* Frameworks */ = {
			isa = PBXFrameworksBuildPhase;
			buildActionMask = 2147483647;
			files = (
			);
			runOnlyForDeploymentPostprocessing = 0;
		};
		4802E3D31EA0630E00313813 /* Frameworks */ = {
			isa = PBXFrameworksBuildPhase;
			buildActionMask = 2147483647;
			files = (
			);
			runOnlyForDeploymentPostprocessing = 0;
		};
		4802E3DE1EA0630E00313813 /* Frameworks */ = {
			isa = PBXFrameworksBuildPhase;
			buildActionMask = 2147483647;
			files = (
			);
			runOnlyForDeploymentPostprocessing = 0;
		};
/* End PBXFrameworksBuildPhase section */

/* Begin PBXGroup section */
		4802E3B41EA0630E00313813 = {
			isa = PBXGroup;
			children = (
				4802E3BF1EA0630E00313813 /* Marquee */,
				4802E3D91EA0630E00313813 /* MarqueeTests */,
				4802E3E41EA0630E00313813 /* MarqueeUITests */,
				4802E3BE1EA0630E00313813 /* Products */,
			);
			sourceTree = "<group>";
		};
		4802E3BE1EA0630E00313813 /* Products */ = {
			isa = PBXGroup;
			children = (
				4802E3BD1EA0630E00313813 /* Marquee.app */,
				4802E3D61EA0630E00313813 /* MarqueeTests.xctest */,
				4802E3E11EA0630E00313813 /* MarqueeUITests.xctest */,
			);
			name = Products;
			sourceTree = "<group>";
		};
		4802E3BF1EA0630E00313813 /* Marquee */ = {
			isa = PBXGroup;
			children = (
				4802E3C31EA0630E00313813 /* AppDelegate.h */,
				4802E3C41EA0630E00313813 /* AppDelegate.m */,
				4802E3F61EA063BB00313813 /* XYXLabel.h */,
				4802E3F71EA063BB00313813 /* XYXLabel.m */,
				4802E3F31EA0637300313813 /* XYXViewController.h */,
				4802E3F41EA0637300313813 /* XYXViewController.m */,
				4802E3C91EA0630E00313813 /* Main.storyboard */,
				4802E3CC1EA0630E00313813 /* Assets.xcassets */,
				4802E3CE1EA0630E00313813 /* LaunchScreen.storyboard */,
				4802E3D11EA0630E00313813 /* Info.plist */,
				4802E3C01EA0630E00313813 /* Supporting Files */,
			);
			path = Marquee;
			sourceTree = "<group>";
		};
		4802E3C01EA0630E00313813 /* Supporting Files */ = {
			isa = PBXGroup;
			children = (
				4802E3C11EA0630E00313813 /* main.m */,
			);
			name = "Supporting Files";
			sourceTree = "<group>";
		};
		4802E3D91EA0630E00313813 /* MarqueeTests */ = {
			isa = PBXGroup;
			children = (
				4802E3DA1EA0630E00313813 /* MarqueeTests.m */,
				4802E3DC1EA0630E00313813 /* Info.plist */,
			);
			path = MarqueeTests;
			sourceTree = "<group>";
		};
		4802E3E41EA0630E00313813 /* MarqueeUITests */ = {
			isa = PBXGroup;
			children = (
				4802E3E51EA0630E00313813 /* MarqueeUITests.m */,
				4802E3E71EA0630E00313813 /* Info.plist */,
			);
			path = MarqueeUITests;
			sourceTree = "<group>";
		};
/* End PBXGroup section */

/* Begin PBXNativeTarget section */
		4802E3BC1EA0630E00313813 /* Marquee */ = {
			isa = PBXNativeTarget;
			buildConfigurationList = 4802E3EA1EA0630E00313813 /* Build configuration list for PBXNativeTarget "Marquee" */;
			buildPhases = (
				4802E3B91EA0630E00313813 /* Sources */,
				4802E3BA1EA0630E00313813 /* Frameworks */,
				4802E3BB1EA0630E00313813 /* Resources */,
			);
			buildRules = (
			);
			dependencies = (
			);
			name = Marquee;
			productName = Marquee;
			productReference = 4802E3BD1EA0630E00313813 /* Marquee.app */;
			productType = "com.apple.product-type.application";
		};
		4802E3D51EA0630E00313813 /* MarqueeTests */ = {
			isa = PBXNativeTarget;
			buildConfigurationList = 4802E3ED1EA0630E00313813 /* Build configuration list for PBXNativeTarget "MarqueeTests" */;
			buildPhases = (
				4802E3D21EA0630E00313813 /* Sources */,
				4802E3D31EA0630E00313813 /* Frameworks */,
				4802E3D41EA0630E00313813 /* Resources */,
			);
			buildRules = (
			);
			dependencies = (
				4802E3D81EA0630E00313813 /* PBXTargetDependency */,
			);
			name = MarqueeTests;
			productName = MarqueeTests;
			productReference = 4802E3D61EA0630E00313813 /* MarqueeTests.xctest */;
			productType = "com.apple.product-type.bundle.unit-test";
		};
		4802E3E01EA0630E00313813 /* MarqueeUITests */ = {
			isa = PBXNativeTarget;
			buildConfigurationList = 4802E3F01EA0630E00313813 /* Build configuration list for PBXNativeTarget "MarqueeUITests" */;
			buildPhases = (
				4802E3DD1EA0630E00313813 /* Sources */,
				4802E3DE1EA0630E00313813 /* Frameworks */,
				4802E3DF1EA0630E00313813 /* Resources */,
			);
			buildRules = (
			);
			dependencies = (
				4802E3E31EA0630E00313813 /* PBXTargetDependency */,
			);
			name = MarqueeUITests;
			productName = MarqueeUITests;
			productReference = 4802E3E11EA0630E00313813 /* MarqueeUITests.xctest */;
			productType = "com.apple.product-type.bundle.ui-testing";
		};
/* End PBXNativeTarget section */

/* Begin PBXProject section */
		4802E3B51EA0630E00313813 /* Project object */ = {
			isa = PBXProject;
			attributes = {
				LastUpgradeCheck = 0820;
				ORGANIZATIONNAME = oms;
				TargetAttributes = {
					4802E3BC1EA0630E00313813 = {
						CreatedOnToolsVersion = 8.2.1;
						ProvisioningStyle = Automatic;
					};
					4802E3D51EA0630E00313813 = {
						CreatedOnToolsVersion = 8.2.1;
						ProvisioningStyle = Automatic;
						TestTargetID = 4802E3BC1EA0630E00313813;
					};
					4802E3E01EA0630E00313813 = {
						CreatedOnToolsVersion = 8.2.1;
						ProvisioningStyle = Automatic;
						TestTargetID = 4802E3BC1EA0630E00313813;
					};
				};
			};
			buildConfigurationList = 4802E3B81EA0630E00313813 /* Build configuration list for PBXProject "Marquee" */;
			compatibilityVersion = "Xcode 3.2";
			developmentRegion = English;
			hasScannedForEncodings = 0;
			knownRegions = (
				en,
				Base,
			);
			mainGroup = 4802E3B41EA0630E00313813;
			productRefGroup = 4802E3BE1EA0630E00313813 /* Products */;
			projectDirPath = "";
			projectRoot = "";
			targets = (
				4802E3BC1EA0630E00313813 /* Marquee */,
				4802E3D51EA0630E00313813 /* MarqueeTests */,
				4802E3E01EA0630E00313813 /* MarqueeUITests */,
			);
		};
/* End PBXProject section */

/* Begin PBXResourcesBuildPhase section */
		4802E3BB1EA0630E00313813 /* Resources */ = {
			isa = PBXResourcesBuildPhase;
			buildActionMask = 2147483647;
			files = (
				4802E3D01EA0630E00313813 /* LaunchScreen.storyboard in Resources */,
				4802E3CD1EA0630E00313813 /* Assets.xcassets in Resources */,
				4802E3CB1EA0630E00313813 /* Main.storyboard in Resources */,
			);
			runOnlyForDeploymentPostprocessing = 0;
		};
		4802E3D41EA0630E00313813 /* Resources */ = {
			isa = PBXResourcesBuildPhase;
			buildActionMask = 2147483647;
			files = (
			);
			runOnlyForDeploymentPostprocessing = 0;
		};
		4802E3DF1EA0630E00313813 /* Resources */ = {
			isa = PBXResourcesBuildPhase;
			buildActionMask = 2147483647;
			files = (
			);
			runOnlyForDeploymentPostprocessing = 0;
		};
/* End PBXResourcesBuildPhase section */

/* Begin PBXSourcesBuildPhase section */
		4802E3B91EA0630E00313813 /* Sources */ = {
			isa = PBXSourcesBuildPhase;
			buildActionMask = 2147483647;
			files = (
				4802E3C51EA0630E00313813 /* AppDelegate.m in Sources */,
				4802E3F51EA0637300313813 /* XYXViewController.m in Sources */,
				4802E3F81EA063BB00313813 /* XYXLabel.m in Sources */,
				4802E3C21EA0630E00313813 /* main.m in Sources */,
			);
			runOnlyForDeploymentPostprocessing = 0;
		};
		4802E3D21EA0630E00313813 /* Sources */ = {
			isa = PBXSourcesBuildPhase;
			buildActionMask = 2147483647;
			files = (
				4802E3DB1EA0630E00313813 /* MarqueeTests.m in Sources */,
			);
			runOnlyForDeploymentPostprocessing = 0;
		};
		4802E3DD1EA0630E00313813 /* Sources */ = {
			isa = PBXSourcesBuildPhase;
			buildActionMask = 2147483647;
			files = (
				4802E3E61EA0630E00313813 /* MarqueeUITests.m in Sources */,
			);
			runOnlyForDeploymentPostprocessing = 0;
		};
/* End PBXSourcesBuildPhase section */

/* Begin PBXTargetDependency section */
		4802E3D81EA0630E00313813 /* PBXTargetDependency */ = {
			isa = PBXTargetDependency;
			target = 4802E3BC1EA0630E00313813 /* Marquee */;
			targetProxy = 4802E3D71EA0630E00313813 /* PBXContainerItemProxy */;
		};
		4802E3E31EA0630E00313813 /* PBXTargetDependency */ = {
			isa = PBXTargetDependency;
			target = 4802E3BC1EA0630E00313813 /* Marquee */;
			targetProxy = 4802E3E21EA0630E00313813 /* PBXContainerItemProxy */;
		};
/* End PBXTargetDependency section */

/* Begin PBXVariantGroup section */
		4802E3C91EA0630E00313813 /* Main.storyboard */ = {
			isa = PBXVariantGroup;
			children = (
				4802E3CA1EA0630E00313813 /* Base */,
			);
			name = Main.storyboard;
			sourceTree = "<group>";
		};
		4802E3CE1EA0630E00313813 /* LaunchScreen.storyboard */ = {
			isa = PBXVariantGroup;
			children = (
				4802E3CF1EA0630E00313813 /* Base */,
			);
			name = LaunchScreen.storyboard;
			sourceTree = "<group>";
		};
/* End PBXVariantGroup section */

/* Begin XCBuildConfiguration section */
		4802E3E81EA0630E00313813 /* Debug */ = {
			isa = XCBuildConfiguration;
			buildSettings = {
				ALWAYS_SEARCH_USER_PATHS = NO;
				CLANG_ANALYZER_NONNULL = YES;
				CLANG_CXX_LANGUAGE_STANDARD = "gnu++0x";
				CLANG_CXX_LIBRARY = "libc++";
				CLANG_ENABLE_MODULES = YES;
				CLANG_ENABLE_OBJC_ARC = YES;
				CLANG_WARN_BOOL_CONVERSION = YES;
				CLANG_WARN_CONSTANT_CONVERSION = YES;
				CLANG_WARN_DIRECT_OBJC_ISA_USAGE = YES_ERROR;
				CLANG_WARN_DOCUMENTATION_COMMENTS = YES;
				CLANG_WARN_EMPTY_BODY = YES;
				CLANG_WARN_ENUM_CONVERSION = YES;
				CLANG_WARN_INFINITE_RECURSION = YES;
				CLANG_WARN_INT_CONVERSION = YES;
				CLANG_WARN_OBJC_ROOT_CLASS = YES_ERROR;
				CLANG_WARN_SUSPICIOUS_MOVE = YES;
				CLANG_WARN_UNREACHABLE_CODE = YES;
				CLANG_WARN__DUPLICATE_METHOD_MATCH = YES;
				"CODE_SIGN_IDENTITY[sdk=iphoneos*]" = "iPhone Developer";
				COPY_PHASE_STRIP = NO;
				DEBUG_INFORMATION_FORMAT = dwarf;
				ENABLE_STRICT_OBJC_MSGSEND = YES;
				ENABLE_TESTABILITY = YES;
				GCC_C_LANGUAGE_STANDARD = gnu99;
				GCC_DYNAMIC_NO_PIC = NO;
				GCC_NO_COMMON_BLOCKS = YES;
				GCC_OPTIMIZATION_LEVEL = 0;
				GCC_PREPROCESSOR_DEFINITIONS = (
					"DEBUG=1",
					"$(inherited)",
				);
				GCC_WARN_64_TO_32_BIT_CONVERSION = YES;
				GCC_WARN_ABOUT_RETURN_TYPE = YES_ERROR;
				GCC_WARN_UNDECLARED_SELECTOR = YES;
				GCC_WARN_UNINITIALIZED_AUTOS = YES_AGGRESSIVE;
				GCC_WARN_UNUSED_FUNCTION = YES;
				GCC_WARN_UNUSED_VARIABLE = YES;
				IPHONEOS_DEPLOYMENT_TARGET = 10.2;
				MTL_ENABLE_DEBUG_INFO = YES;
				ONLY_ACTIVE_ARCH = YES;
				SDKROOT = iphoneos;
				TARGETED_DEVICE_FAMILY = "1,2";
			};
			name = Debug;
		};
		4802E3E91EA0630E00313813 /* Release */ = {
			isa = XCBuildConfiguration;
			buildSettings = {
				ALWAYS_SEARCH_USER_PATHS = NO;
				CLANG_ANALYZER_NONNULL = YES;
				CLANG_CXX_LANGUAGE_STANDARD = "gnu++0x";
				CLANG_CXX_LIBRARY = "libc++";
				CLANG_ENABLE_MODULES = YES;
				CLANG_ENABLE_OBJC_ARC = YES;
				CLANG_WARN_BOOL_CONVERSION = YES;
				CLANG_WARN_CONSTANT_CONVERSION = YES;
				CLANG_WARN_DIRECT_OBJC_ISA_USAGE = YES_ERROR;
				CLANG_WARN_DOCUMENTATION_COMMENTS = YES;
				CLANG_WARN_EMPTY_BODY = YES;
				CLANG_WARN_ENUM_CONVERSION = YES;
				CLANG_WARN_INFINITE_RECURSION = YES;
				CLANG_WARN_INT_CONVERSION = YES;
				CLANG_WARN_OBJC_ROOT_CLASS = YES_ERROR;
				CLANG_WARN_SUSPICIOUS_MOVE = YES;
				CLANG_WARN_UNREACHABLE_CODE = YES;
				CLANG_WARN__DUPLICATE_METHOD_MATCH = YES;
				"CODE_SIGN_IDENTITY[sdk=iphoneos*]" = "iPhone Developer";
				COPY_PHASE_STRIP = NO;
				DEBUG_INFORMATION_FORMAT = "dwarf-with-dsym";
				ENABLE_NS_ASSERTIONS = NO;
				ENABLE_STRICT_OBJC_MSGSEND = YES;
				GCC_C_LANGUAGE_STANDARD = gnu99;
				GCC_NO_COMMON_BLOCKS = YES;
				GCC_WARN_64_TO_32_BIT_CONVERSION = YES;
				GCC_WARN_ABOUT_RETURN_TYPE = YES_ERROR;
				GCC_WARN_UNDECLARED_SELECTOR = YES;
				GCC_WARN_UNINITIALIZED_AUTOS = YES_AGGRESSIVE;
				GCC_WARN_UNUSED_FUNCTION = YES;
				GCC_WARN_UNUSED_VARIABLE = YES;
				IPHONEOS_DEPLOYMENT_TARGET = 10.2;
				MTL_ENABLE_DEBUG_INFO = NO;
				SDKROOT = iphoneos;
				TARGETED_DEVICE_FAMILY = "1,2";
				VALIDATE_PRODUCT = YES;
			};
			name = Release;
		};
		4802E3EB1EA0630E00313813 /* Debug */ = {
			isa = XCBuildConfiguration;
			buildSettings = {
				ASSETCATALOG_COMPILER_APPICON_NAME = AppIcon;
				INFOPLIST_FILE = Marquee/Info.plist;
				LD_RUNPATH_SEARCH_PATHS = "$(inherited) @executable_path/Frameworks";
				PRODUCT_BUNDLE_IDENTIFIER = com.omsedu.Marquee;
				PRODUCT_NAME = "$(TARGET_NAME)";
			};
			name = Debug;
		};
		4802E3EC1EA0630E00313813 /* Release */ = {
			isa = XCBuildConfiguration;
			buildSettings = {
				ASSETCATALOG_COMPILER_APPICON_NAME = AppIcon;
				INFOPLIST_FILE = Marquee/Info.plist;
				LD_RUNPATH_SEARCH_PATHS = "$(inherited) @executable_path/Frameworks";
				PRODUCT_BUNDLE_IDENTIFIER = com.omsedu.Marquee;
				PRODUCT_NAME = "$(TARGET_NAME)";
			};
			name = Release;
		};
		4802E3EE1EA0630E00313813 /* Debug */ = {
			isa = XCBuildConfiguration;
			buildSettings = {
				BUNDLE_LOADER = "$(TEST_HOST)";
				INFOPLIST_FILE = MarqueeTests/Info.plist;
				LD_RUNPATH_SEARCH_PATHS = "$(inherited) @executable_path/Frameworks @loader_path/Frameworks";
				PRODUCT_BUNDLE_IDENTIFIER = com.omsedu.MarqueeTests;
				PRODUCT_NAME = "$(TARGET_NAME)";
				TEST_HOST = "$(BUILT_PRODUCTS_DIR)/Marquee.app/Marquee";
			};
			name = Debug;
		};
		4802E3EF1EA0630E00313813 /* Release */ = {
			isa = XCBuildConfiguration;
			buildSettings = {
				BUNDLE_LOADER = "$(TEST_HOST)";
				INFOPLIST_FILE = MarqueeTests/Info.plist;
				LD_RUNPATH_SEARCH_PATHS = "$(inherited) @executable_path/Frameworks @loader_path/Frameworks";
				PRODUCT_BUNDLE_IDENTIFIER = com.omsedu.MarqueeTests;
				PRODUCT_NAME = "$(TARGET_NAME)";
				TEST_HOST = "$(BUILT_PRODUCTS_DIR)/Marquee.app/Marquee";
			};
			name = Release;
		};
		4802E3F11EA0630E00313813 /* Debug */ = {
			isa = XCBuildConfiguration;
			buildSettings = {
				INFOPLIST_FILE = MarqueeUITests/Info.plist;
				LD_RUNPATH_SEARCH_PATHS = "$(inherited) @executable_path/Frameworks @loader_path/Frameworks";
				PRODUCT_BUNDLE_IDENTIFIER = com.omsedu.MarqueeUITests;
				PRODUCT_NAME = "$(TARGET_NAME)";
				TEST_TARGET_NAME = Marquee;
			};
			name = Debug;
		};
		4802E3F21EA0630E00313813 /* Release */ = {
			isa = XCBuildConfiguration;
			buildSettings = {
				INFOPLIST_FILE = MarqueeUITests/Info.plist;
				LD_RUNPATH_SEARCH_PATHS = "$(inherited) @executable_path/Frameworks @loader_path/Frameworks";
				PRODUCT_BUNDLE_IDENTIFIER = com.omsedu.MarqueeUITests;
				PRODUCT_NAME = "$(TARGET_NAME)";
				TEST_TARGET_NAME = Marquee;
			};
			name = Release;
		};
/* End XCBuildConfiguration section */

/* Begin XCConfigurationList section */
		4802E3B81EA0630E00313813 /* Build configuration list for PBXProject "Marquee" */ = {
			isa = XCConfigurationList;
			buildConfigurations = (
				4802E3E81EA0630E00313813 /* Debug */,
				4802E3E91EA0630E00313813 /* Release */,
			);
			defaultConfigurationIsVisible = 0;
			defaultConfigurationName = Release;
		};
		4802E3EA1EA0630E00313813 /* Build configuration list for PBXNativeTarget "Marquee" */ = {
			isa = XCConfigurationList;
			buildConfigurations = (
				4802E3EB1EA0630E00313813 /* Debug */,
				4802E3EC1EA0630E00313813 /* Release */,
			);
			defaultConfigurationIsVisible = 0;
		};
		4802E3ED1EA0630E00313813 /* Build configuration list for PBXNativeTarget "MarqueeTests" */ = {
			isa = XCConfigurationList;
			buildConfigurations = (
				4802E3EE1EA0630E00313813 /* Debug */,
				4802E3EF1EA0630E00313813 /* Release */,
			);
			defaultConfigurationIsVisible = 0;
		};
		4802E3F01EA0630E00313813 /* Build configuration list for PBXNativeTarget "MarqueeUITests" */ = {
			isa = XCConfigurationList;
			buildConfigurations = (
				4802E3F11EA0630E00313813 /* Debug */,
				4802E3F21EA0630E00313813 /* Release */,
			);
			defaultConfigurationIsVisible = 0;
		};
/* End XCConfigurationList section */
	};
	rootObject = 4802E3B51EA0630E00313813 /* Project object */;
}
